
Microsoft Visual Studio Solution File, Format Version 12.00
# Visual Studio Version 17
VisualStudioVersion = 17.5.33516.290
MinimumVisualStudioVersion = 10.0.40219.1
Project("{FAE04EC0-301F-11D3-BF4B-00C04F79EFBC}") = "C# Bank Homework", "C# Bank Homework\C# Bank Homework.csproj", "{73F0F40C-DB08-491F-AF26-126C79E5204E}"
EndProject
Global
	GlobalSection(SolutionConfigurationPlatforms) = preSolution
		Debug|Any CPU = Debug|Any CPU
		Release|Any CPU = Release|Any CPU
	EndGlobalSection
	GlobalSection(ProjectConfigurationPlatforms) = postSolution
		{73F0F40C-DB08-491F-AF26-126C79E5204E}.Debug|Any CPU.ActiveCfg = Debug|Any CPU
		{73F0F40C-DB08-491F-AF26-126C79E5204E}.Debug|Any CPU.Build.0 = Debug|Any CPU
		{73F0F40C-DB08-491F-AF26-126C79E5204E}.Release|Any CPU.ActiveCfg = Release|Any CPU
		{73F0F40C-DB08-491F-AF26-126C79E5204E}.Release|Any CPU.Build.0 = Release|Any CPU
	EndGlobalSection
	GlobalSection(SolutionProperties) = preSolution
		HideSolutionNode = FALSE
	EndGlobalSection
	GlobalSection(ExtensibilityGlobals) = postSolution
		SolutionGuid = {EEFA4D55-8F02-40F1-BF65-5AE373F67C19}
	EndGlobalSection
EndGlobal
